<?xml version="1.0" encoding="utf-8"?>
<Project ToolsVersion="4.0" xmlns="http://schemas.microsoft.com/developer/msbuild/2003">
  <ItemGroup>
    <ClCompile Include="Area.cpp" />
    <ClCompile Include="common.cpp" />
    <ClCompile Include="main.cpp" />
    <ClCompile Include="PC.cpp" />
    <ClCompile Include="Stage.cpp" />
  </ItemGroup>
  <ItemGroup>
    <ClInclude Include="Area.hpp" />
    <ClInclude Include="Bat.hpp" />
    <ClInclude Include="Button.hpp" />
    <ClInclude Include="EmceeTheShyGuy.hpp" />
    <ClInclude Include="ImageFading.h" />
    <ClInclude Include="ImageLayer.h" />
    <ClInclude Include="ImageLayerImpl.h" />
    <ClInclude Include="ImageLayerInterface.h" />
    <ClInclude Include="Ladder.hpp" />
    <ClInclude Include="Mineral.hpp" />
    <ClInclude Include="Mole.hpp" />
    <ClInclude Include="Npc.hpp" />
    <ClInclude Include="NPCBullet.hpp" />
    <ClInclude Include="PC.hpp" />
    <ClInclude Include="resource.h" />
    <ClInclude Include="resource2.h" />
    <ClInclude Include="SoundPlayer.h" />
    <ClInclude Include="common.hpp" />
    <ClInclude Include="Stage.hpp" />
    <ClInclude Include="Text.hpp" />
    <ClInclude Include="Boss.hpp">
      <Filter>images</Filter>
    </ClInclude>
    <ClInclude Include="PCBullets.h" />
  </ItemGroup>
  <ItemGroup>
    <Media Include="null_sound.wav">
      <Filter>images</Filter>
    </Media>
    <Media Include="start_bgm.wav">
      <Filter>images</Filter>
    </Media>
  </ItemGroup>
  <ItemGroup>
    <Image Include="basicStoneBlocks.bmp">
      <Filter>images</Filter>
    </Image>
    <Image Include="block_MineralBronze.bmp">
      <Filter>images</Filter>
    </Image>
    <Image Include="block_MineralDiamond.bmp">
      <Filter>images</Filter>
    </Image>
    <Image Include="block_MineralGold.bmp">
      <Filter>images</Filter>
    </Image>
    <Image Include="block_MineralOrichalcum.bmp">
      <Filter>images</Filter>
    </Image>
    <Image Include="block_MineralSilver.bmp">
      <Filter>images</Filter>
    </Image>
    <Image Include="block_Stage1_Broken.bmp">
      <Filter>images</Filter>
    </Image>
    <Image Include="block_Stage1_Broken_BronzeOre1.bmp">
      <Filter>images</Filter>
    </Image>
    <Image Include="block_Stage1_Broken_BronzeOre2.bmp">
      <Filter>images</Filter>
    </Image>
    <Image Include="block_Stage1_Broken_DiamondOre1.bmp">
      <Filter>images</Filter>
    </Image>
    <Image Include="block_Stage1_Broken_DiamondOre2.bmp">
      <Filter>images</Filter>
    </Image>
    <Image Include="block_Stage1_Broken_GoldOre1.bmp">
      <Filter>images</Filter>
    </Image>
    <Image Include="block_Stage1_Broken_GoldOre2.bmp">
      <Filter>images</Filter>
    </Image>
    <Image Include="block_Stage1_Broken_OrichalcumOre1.bmp">
      <Filter>images</Filter>
    </Image>
    <Image Include="block_Stage1_Broken_OrichalcumOre2.bmp">
      <Filter>images</Filter>
    </Image>
    <Image Include="block_Stage1_Broken_SilverOre1.bmp">
      <Filter>images</Filter>
    </Image>
    <Image Include="block_Stage1_Broken_SilverOre2.bmp">
      <Filter>images</Filter>
    </Image>
    <Image Include="block_Stage1_BronzeOre1.bmp">
      <Filter>images</Filter>
    </Image>
    <Image Include="block_Stage1_BronzeOre2.bmp">
      <Filter>images</Filter>
    </Image>
    <Image Include="block_Stage1_DiamondOre1.bmp">
      <Filter>images</Filter>
    </Image>
    <Image Include="block_Stage1_DiamondOre2.bmp">
      <Filter>images</Filter>
    </Image>
    <Image Include="block_Stage1_GoldOre1.bmp">
      <Filter>images</Filter>
    </Image>
    <Image Include="block_Stage1_GoldOre2.bmp">
      <Filter>images</Filter>
    </Image>
    <Image Include="block_Stage1_Normal.bmp">
      <Filter>images</Filter>
    </Image>
    <Image Include="block_Stage1_OrichalcumOre1.bmp">
      <Filter>images</Filter>
    </Image>
    <Image Include="block_Stage1_OrichalcumOre2.bmp">
      <Filter>images</Filter>
    </Image>
    <Image Include="block_Stage1_SilverOre1.bmp">
      <Filter>images</Filter>
    </Image>
    <Image Include="block_Stage1_SilverOre2.bmp">
      <Filter>images</Filter>
    </Image>
    <Image Include="boom.bmp">
      <Filter>images</Filter>
    </Image>
    <Image Include="..\..\..\Boos.bmp">
      <Filter>images</Filter>
    </Image>
    <Image Include="..\..\..\Boss.bmp">
      <Filter>images</Filter>
    </Image>
    <Image Include="brick_dark2.png">
      <Filter>images</Filter>
    </Image>
    <Image Include="brokenStoneBlock.bmp">
      <Filter>images</Filter>
    </Image>
    <Image Include="BronzeMineral.bmp">
      <Filter>images</Filter>
    </Image>
    <Image Include="BronzeOre.bmp">
      <Filter>images</Filter>
    </Image>
    <Image Include="..\..\..\Zombie.bmp">
      <Filter>images</Filter>
    </Image>
    <Image Include="UI_dynamicEnforce.bmp">
      <Filter>images</Filter>
    </Image>
    <Image Include="UI_dynamicEnforceSelected.bmp">
      <Filter>images</Filter>
    </Image>
    <Image Include="..\..\..\ui\UI_HP_0pct.bmp">
      <Filter>images</Filter>
    </Image>
    <Image Include="..\..\..\ui\UI_HP_10pct.bmp">
      <Filter>images</Filter>
    </Image>
    <Image Include="..\..\..\ui\UI_HP_20pct.bmp">
      <Filter>images</Filter>
    </Image>
    <Image Include="..\..\..\ui\UI_HP_30pct.bmp">
      <Filter>images</Filter>
    </Image>
    <Image Include="..\..\..\ui\UI_HP_40pct.bmp">
      <Filter>images</Filter>
    </Image>
    <Image Include="..\..\..\ui\UI_HP_50pct.bmp">
      <Filter>images</Filter>
    </Image>
    <Image Include="..\..\..\ui\UI_HP_60pct.bmp">
      <Filter>images</Filter>
    </Image>
    <Image Include="..\..\..\ui\UI_HP_70pct.bmp">
      <Filter>images</Filter>
    </Image>
    <Image Include="..\..\..\ui\UI_HP_80pct.bmp">
      <Filter>images</Filter>
    </Image>
    <Image Include="..\..\..\ui\UI_HP_90pct.bmp">
      <Filter>images</Filter>
    </Image>
    <Image Include="..\..\..\ui\UI_HP_100pct.bmp">
      <Filter>images</Filter>
    </Image>
    <Image Include="..\..\..\ui\UI_itemBox.bmp">
      <Filter>images</Filter>
    </Image>
    <Image Include="..\..\..\ui\UI_mapBox.bmp">
      <Filter>images</Filter>
    </Image>
    <Image Include="..\..\..\ui\UI_mapPC.bmp">
      <Filter>images</Filter>
    </Image>
    <Image Include="..\..\..\ui\UI_mapTile.bmp">
      <Filter>images</Filter>
    </Image>
    <Image Include="..\..\..\ui\UI_mapTileCleared.bmp">
      <Filter>images</Filter>
    </Image>
    <Image Include="..\..\..\ui\UI_mapX.bmp">
      <Filter>images</Filter>
    </Image>
    <Image Include="..\..\..\ui\UI_maxHP.bmp">
      <Filter>images</Filter>
    </Image>
    <Image Include="..\..\..\ui\UI_maxO2.bmp">
      <Filter>images</Filter>
    </Image>
    <Image Include="UI_normalEnforce.bmp">
      <Filter>images</Filter>
    </Image>
    <Image Include="UI_normalEnforceSelected.bmp">
      <Filter>images</Filter>
    </Image>
    <Image Include="..\..\..\ui\UI_O2_0pct.bmp">
      <Filter>images</Filter>
    </Image>
    <Image Include="..\..\..\ui\UI_O2_10pct.bmp">
      <Filter>images</Filter>
    </Image>
    <Image Include="..\..\..\ui\UI_O2_20pct.bmp">
      <Filter>images</Filter>
    </Image>
    <Image Include="..\..\..\ui\UI_O2_30pct.bmp">
      <Filter>images</Filter>
    </Image>
    <Image Include="..\..\..\ui\UI_O2_40pct.bmp">
      <Filter>images</Filter>
    </Image>
    <Image Include="..\..\..\ui\UI_O2_50pct.bmp">
      <Filter>images</Filter>
    </Image>
    <Image Include="..\..\..\ui\UI_O2_60pct.bmp">
      <Filter>images</Filter>
    </Image>
    <Image Include="..\..\..\ui\UI_O2_70pct.bmp">
      <Filter>images</Filter>
    </Image>
    <Image Include="..\..\..\ui\UI_O2_80pct.bmp">
      <Filter>images</Filter>
    </Image>
    <Image Include="..\..\..\ui\UI_O2_90pct.bmp">
      <Filter>images</Filter>
    </Image>
    <Image Include="..\..\..\ui\UI_O2_100pct.bmp">
      <Filter>images</Filter>
    </Image>
    <Image Include="..\..\..\ui\UI_rewardAtk.bmp">
      <Filter>images</Filter>
    </Image>
    <Image Include="..\..\..\ui\UI_rewardAtkSelected.bmp">
      <Filter>images</Filter>
    </Image>
    <Image Include="..\..\..\ui\UI_rewardAtkSpd.bmp">
      <Filter>images</Filter>
    </Image>
    <Image Include="..\..\..\ui\UI_rewardAtkSpdSelected.bmp">
      <Filter>images</Filter>
    </Image>
    <Image Include="..\..\..\ui\UI_rewardSpd.bmp">
      <Filter>images</Filter>
    </Image>
    <Image Include="..\..\..\ui\UI_rewardSpdSelected.bmp">
      <Filter>images</Filter>
    </Image>
    <Image Include="UI_Star0.bmp">
      <Filter>images</Filter>
    </Image>
    <Image Include="UI_Star1.bmp">
      <Filter>images</Filter>
    </Image>
    <Image Include="UI_Star2.bmp">
      <Filter>images</Filter>
    </Image>
    <Image Include="UI_Star3.bmp">
      <Filter>images</Filter>
    </Image>
    <Image Include="UI_Timer.bmp">
      <Filter>images</Filter>
    </Image>
    <Image Include="UI_character_status.bmp">
      <Filter>images</Filter>
    </Image>
    <Image Include="..\..\Stage3.bmp">
      <Filter>images</Filter>
    </Image>
    <Image Include="button1.bmp">
      <Filter>images</Filter>
    </Image>
    <Image Include="button1Pressed.bmp">
      <Filter>images</Filter>
    </Image>
    <Image Include="button2.bmp">
      <Filter>images</Filter>
    </Image>
    <Image Include="button2Pressed.bmp">
      <Filter>images</Filter>
    </Image>
    <Image Include="button3.bmp">
      <Filter>images</Filter>
    </Image>
    <Image Include="button3Pressed.bmp">
      <Filter>images</Filter>
    </Image>
    <Image Include="..\..\characterStatus.bmp">
      <Filter>images</Filter>
    </Image>
    <Image Include="..\..\clearedArea.bmp">
      <Filter>images</Filter>
    </Image>
    <Image Include="clearedStage.bmp">
      <Filter>images</Filter>
    </Image>
    <Image Include="empty.bmp">
      <Filter>images</Filter>
    </Image>
    <Image Include="emptyTile.bmp">
      <Filter>images</Filter>
    </Image>
    <Image Include="flag.bmp">
      <Filter>images</Filter>
    </Image>
    <Image Include="..\..\hiddenArea.bmp">
      <Filter>images</Filter>
    </Image>
    <Image Include="hiddenStage.bmp">
      <Filter>images</Filter>
    </Image>
    <Image Include="hpPotion.bmp">
      <Filter>images</Filter>
    </Image>
    <Image Include="item1.bmp">
      <Filter>images</Filter>
    </Image>
    <Image Include="item2.bmp">
      <Filter>images</Filter>
    </Image>
    <Image Include="item3.bmp">
      <Filter>images</Filter>
    </Image>
    <Image Include="..\..\..\Mineral.bmp">
      <Filter>images</Filter>
    </Image>
    <Image Include="..\..\movableArea.bmp">
      <Filter>images</Filter>
    </Image>
    <Image Include="nomalStage.bmp">
      <Filter>images</Filter>
    </Image>
    <Image Include="..\..\..\NPC.bmp">
      <Filter>images</Filter>
    </Image>
    <Image Include="PC_down.bmp">
      <Filter>images</Filter>
    </Image>
    <Image Include="PC_left.bmp">
      <Filter>images</Filter>
    </Image>
    <Image Include="PC_right.bmp">
      <Filter>images</Filter>
    </Image>
    <Image Include="PC_up.bmp">
      <Filter>images</Filter>
    </Image>
    <Image Include="PlayerCharacter.bmp">
      <Filter>images</Filter>
    </Image>
    <Image Include="questionMark.bmp">
      <Filter>images</Filter>
    </Image>
    <Image Include="ozPotion.bmp">
      <Filter>images</Filter>
    </Image>
    <Image Include="..\..\Stage1.bmp">
      <Filter>images</Filter>
    </Image>
    <Image Include="..\..\Stage2.bmp">
      <Filter>images</Filter>
    </Image>
    <Image Include="stoneBlock.bmp">
      <Filter>images</Filter>
    </Image>
    <Image Include="..\..\..\Shop.bmp">
      <Filter>images</Filter>
    </Image>
    <Image Include="PC_down_hit.bmp">
      <Filter>images</Filter>
    </Image>
    <Image Include="PC_left_hit.bmp">
      <Filter>images</Filter>
    </Image>
    <Image Include="PC_right_hit.bmp">
      <Filter>images</Filter>
    </Image>
    <Image Include="PC_up_hit.bmp">
      <Filter>images</Filter>
    </Image>
    <Image Include="PC_down_getHP.bmp">
      <Filter>images</Filter>
    </Image>
    <Image Include="PC_down_getOxygen.bmp">
      <Filter>images</Filter>
    </Image>
    <Image Include="PC_left_getHP.bmp">
      <Filter>images</Filter>
    </Image>
    <Image Include="PC_left_getOxygen.bmp">
      <Filter>images</Filter>
    </Image>
    <Image Include="PC_right_getHP.bmp">
      <Filter>images</Filter>
    </Image>
    <Image Include="PC_right_getOxygen.bmp">
      <Filter>images</Filter>
    </Image>
    <Image Include="PC_up_getHP.bmp">
      <Filter>images</Filter>
    </Image>
    <Image Include="PC_up_getOxygen.bmp">
      <Filter>images</Filter>
    </Image>
    <Image Include="bedrock.bmp">
      <Filter>images</Filter>
    </Image>
    <Image Include="Lava2.bmp">
      <Filter>images</Filter>
    </Image>
    <Image Include="lava.bmp">
      <Filter>images</Filter>
    </Image>
    <Image Include="lava_block.bmp">
      <Filter>images</Filter>
    </Image>
    <Image Include="EmceeTheShyGuyHit.bmp">
      <Filter>images</Filter>
    </Image>
    <Image Include="PCBullet_down.bmp">
      <Filter>images</Filter>
    </Image>
    <Image Include="PCBullet_left.bmp">
      <Filter>images</Filter>
    </Image>
    <Image Include="PCBullet_right.bmp">
      <Filter>images</Filter>
    </Image>
    <Image Include="PCBullet_up.bmp">
      <Filter>images</Filter>
    </Image>
    <Image Include="explodes.bmp">
      <Filter>images</Filter>
    </Image>
    <Image Include="explode1.bmp">
      <Filter>images</Filter>
    </Image>
    <Image Include="explode2.bmp">
      <Filter>images</Filter>
    </Image>
    <Image Include="explode3.bmp">
      <Filter>images</Filter>
    </Image>
    <Image Include="explode4.bmp">
      <Filter>images</Filter>
    </Image>
    <Image Include="explode5.bmp">
      <Filter>images</Filter>
    </Image>
    <Image Include="MoleDigging.bmp">
      <Filter>images</Filter>
    </Image>
  </ItemGroup>
  <ItemGroup>
    <Filter Include="images">
      <UniqueIdentifier>{6f4d1529-55de-4c0a-bb0a-0b8a9d8077e6}</UniqueIdentifier>
    </Filter>
  </ItemGroup>
</Project>