<?xml version="1.0" encoding="utf-8"?>
<Project ToolsVersion="4.0" xmlns="http://schemas.microsoft.com/developer/msbuild/2003">
  <ItemGroup>
    <ClCompile Include="AncientVirus.cpp" />
    <ClCompile Include="Area.cpp" />
    <ClCompile Include="AttackBoost.cpp" />
    <ClCompile Include="AttackSpeedBoost.cpp" />
    <ClCompile Include="BatFang.cpp" />
    <ClCompile Include="BeggarDoll.cpp" />
    <ClCompile Include="BloodBag.cpp" />
    <ClCompile Include="CaveSnake.cpp" />
    <ClCompile Include="common.cpp" />
    <ClCompile Include="CursedTotem.cpp" />
    <ClCompile Include="Dice.cpp" />
    <ClCompile Include="Disassembler.cpp" />
    <ClCompile Include="EnergyBar.cpp" />
    <ClCompile Include="FreshBrewedCoffee.cpp" />
    <ClCompile Include="Item.cpp" />
    <ClCompile Include="itemCommon.cpp" />
    <ClCompile Include="LuckStone.cpp" />
    <ClCompile Include="LuckyCharm.cpp" />
    <ClCompile Include="main.cpp" />
    <ClCompile Include="MetalDetector.cpp" />
    <ClCompile Include="MoleClaw.cpp" />
    <ClCompile Include="MovementSpeedBoost.cpp" />
    <ClCompile Include="Orichalcum.cpp" />
    <ClCompile Include="PC.cpp" />
    <ClCompile Include="PortableOxygenCan.cpp" />
    <ClCompile Include="PrisonerShackles.cpp" />
    <ClCompile Include="Stage.cpp" />
    <ClCompile Include="SupplyOxygenTank.cpp" />
    <ClCompile Include="ThornCrown.cpp" />
    <ClCompile Include="TwoHearts.cpp" />
    <ClCompile Include="UndergroundTicket.cpp" />
  </ItemGroup>
  <ItemGroup>
    <ClInclude Include="AncientVirus.hpp" />
    <ClInclude Include="Area.hpp" />
    <ClInclude Include="AttackBoost.hpp" />
    <ClInclude Include="AttackSpeedBoost.hpp" />
    <ClInclude Include="Bat.hpp" />
    <ClInclude Include="BatFang.hpp" />
    <ClInclude Include="BeggarDoll.hpp" />
    <ClInclude Include="BloodBag.hpp" />
    <ClInclude Include="Boss.hpp" />
    <ClInclude Include="Button.hpp" />
    <ClInclude Include="CaveSnake.hpp" />
    <ClInclude Include="Charizard.hpp" />
    <ClInclude Include="CursedTotem.hpp" />
    <ClInclude Include="Dice.hpp" />
    <ClInclude Include="Disassembler.hpp" />
    <ClInclude Include="EmceeTheShyGuy.hpp" />
    <ClInclude Include="EnergyBar.hpp" />
    <ClInclude Include="FreshBrewedCoffee.hpp" />
    <ClInclude Include="ImageFading.h" />
    <ClInclude Include="ImageLayer.h" />
    <ClInclude Include="ImageLayerImpl.h" />
    <ClInclude Include="ImageLayerInterface.h" />
    <ClInclude Include="Item.hpp" />
    <ClInclude Include="itemCommon.hpp" />
    <ClInclude Include="Ladder.hpp" />
    <ClInclude Include="LuckStone.hpp" />
    <ClInclude Include="LuckyCharm.hpp" />
    <ClInclude Include="MetalDetector.hpp" />
    <ClInclude Include="Mineral.hpp" />
    <ClInclude Include="Mole.hpp" />
    <ClInclude Include="MoleClaw.hpp" />
    <ClInclude Include="MovementSpeedBoost.hpp" />
    <ClInclude Include="Npc.hpp" />
    <ClInclude Include="NPCBullet.hpp" />
    <ClInclude Include="Orichalcum.hpp" />
    <ClInclude Include="PortableOxygenCan.hpp" />
    <ClInclude Include="PC.hpp" />
    <ClInclude Include="PrisonerShackles.hpp" />
    <ClInclude Include="PCBullets.h" />
    <ClInclude Include="RawkHawk.hpp" />
    <ClInclude Include="resource.h" />
    <ClInclude Include="resource2.h" />
    <ClInclude Include="SoundPlayer.h" />
    <ClInclude Include="common.hpp" />
    <ClInclude Include="Stage.hpp" />
    <ClInclude Include="SupplyOxygenTank.hpp" />
    <ClInclude Include="Text.hpp" />
    <ClInclude Include="ThronCrown.hpp" />
    <ClInclude Include="TwoHearts.hpp" />
    <ClInclude Include="UndergroundTicket.hpp" />
  </ItemGroup>
  <ItemGroup>
    <Media Include="null_sound.wav" />
    <Media Include="start_bgm.wav" />
  </ItemGroup>
  <ItemGroup>
    <Image Include="..\..\..\Boos.bmp" />
    <Image Include="..\..\..\Boss.bmp" />
    <Image Include="..\..\..\Mineral.bmp" />
    <Image Include="..\..\..\NPC.bmp" />
    <Image Include="..\..\..\Shop.bmp" />
    <Image Include="..\..\..\ui\UI_HP_0pct.bmp" />
    <Image Include="..\..\..\ui\UI_HP_100pct.bmp" />
    <Image Include="..\..\..\ui\UI_HP_10pct.bmp" />
    <Image Include="..\..\..\ui\UI_HP_20pct.bmp" />
    <Image Include="..\..\..\ui\UI_HP_30pct.bmp" />
    <Image Include="..\..\..\ui\UI_HP_40pct.bmp" />
    <Image Include="..\..\..\ui\UI_HP_50pct.bmp" />
    <Image Include="..\..\..\ui\UI_HP_60pct.bmp" />
    <Image Include="..\..\..\ui\UI_HP_70pct.bmp" />
    <Image Include="..\..\..\ui\UI_HP_80pct.bmp" />
    <Image Include="..\..\..\ui\UI_HP_90pct.bmp" />
    <Image Include="..\..\..\ui\UI_itemBox.bmp" />
    <Image Include="..\..\..\ui\UI_mapBox.bmp" />
    <Image Include="..\..\..\ui\UI_mapPC.bmp" />
    <Image Include="..\..\..\ui\UI_mapTile.bmp" />
    <Image Include="..\..\..\ui\UI_mapTileCleared.bmp" />
    <Image Include="..\..\..\ui\UI_mapX.bmp" />
    <Image Include="..\..\..\ui\UI_maxHP.bmp" />
    <Image Include="..\..\..\ui\UI_maxO2.bmp" />
    <Image Include="..\..\..\ui\UI_O2_0pct.bmp" />
    <Image Include="..\..\..\ui\UI_O2_100pct.bmp" />
    <Image Include="..\..\..\ui\UI_O2_10pct.bmp" />
    <Image Include="..\..\..\ui\UI_O2_20pct.bmp" />
    <Image Include="..\..\..\ui\UI_O2_30pct.bmp" />
    <Image Include="..\..\..\ui\UI_O2_40pct.bmp" />
    <Image Include="..\..\..\ui\UI_O2_50pct.bmp" />
    <Image Include="..\..\..\ui\UI_O2_60pct.bmp" />
    <Image Include="..\..\..\ui\UI_O2_70pct.bmp" />
    <Image Include="..\..\..\ui\UI_O2_80pct.bmp" />
    <Image Include="..\..\..\ui\UI_O2_90pct.bmp" />
    <Image Include="..\..\..\ui\UI_rewardAtk.bmp" />
    <Image Include="..\..\..\ui\UI_rewardAtkSelected.bmp" />
    <Image Include="..\..\..\ui\UI_rewardAtkSpd.bmp" />
    <Image Include="..\..\..\ui\UI_rewardAtkSpdSelected.bmp" />
    <Image Include="..\..\..\ui\UI_rewardSpd.bmp" />
    <Image Include="..\..\..\ui\UI_rewardSpdSelected.bmp" />
    <Image Include="..\..\..\Zombie.bmp" />
    <Image Include="..\..\characterStatus.bmp" />
    <Image Include="..\..\clearedArea.bmp" />
    <Image Include="..\..\hiddenArea.bmp" />
    <Image Include="..\..\movableArea.bmp" />
    <Image Include="..\..\Stage1.bmp" />
    <Image Include="..\..\Stage2.bmp" />
    <Image Include="..\..\Stage3.bmp" />
    <Image Include="arrow.bmp" />
    <Image Include="bedrock.bmp" />
    <Image Include="bg.bmp" />
    <Image Include="block_MineralBronze.bmp" />
    <Image Include="block_MineralDiamond.bmp" />
    <Image Include="block_MineralGold.bmp" />
    <Image Include="block_MineralOrichalcum.bmp" />
    <Image Include="block_MineralSilver.bmp" />
    <Image Include="block_Stage1_Broken.bmp" />
    <Image Include="block_Stage1_Broken_BronzeOre1.bmp" />
    <Image Include="block_Stage1_Broken_BronzeOre2.bmp" />
    <Image Include="block_Stage1_Broken_DiamondOre1.bmp" />
    <Image Include="block_Stage1_Broken_DiamondOre2.bmp" />
    <Image Include="block_Stage1_Broken_GoldOre1.bmp" />
    <Image Include="block_Stage1_Broken_GoldOre2.bmp" />
    <Image Include="block_Stage1_Broken_OrichalcumOre1.bmp" />
    <Image Include="block_Stage1_Broken_OrichalcumOre2.bmp" />
    <Image Include="block_Stage1_Broken_SilverOre1.bmp" />
    <Image Include="block_Stage1_Broken_SilverOre2.bmp" />
    <Image Include="block_Stage1_BronzeOre1.bmp" />
    <Image Include="block_Stage1_BronzeOre2.bmp" />
    <Image Include="block_Stage1_DiamondOre1.bmp" />
    <Image Include="block_Stage1_DiamondOre2.bmp" />
    <Image Include="block_Stage1_GoldOre1.bmp" />
    <Image Include="block_Stage1_GoldOre2.bmp" />
    <Image Include="block_Stage1_Normal.bmp" />
    <Image Include="block_Stage1_OrichalcumOre1.bmp" />
    <Image Include="block_Stage1_OrichalcumOre2.bmp" />
    <Image Include="block_Stage1_SilverOre1.bmp" />
    <Image Include="block_Stage1_SilverOre2.bmp" />
    <Image Include="boom.bmp" />
    <Image Include="BossHP.bmp" />
    <Image Include="brick_dark2.png" />
    <Image Include="BronzeMineral.bmp" />
    <Image Include="BronzeOre.bmp" />
    <Image Include="button1.bmp" />
    <Image Include="button1Pressed.bmp" />
    <Image Include="button2.bmp" />
    <Image Include="button2Pressed.bmp" />
    <Image Include="button3.bmp" />
    <Image Include="button3Pressed.bmp" />
    <Image Include="EmceeTheShyGuyHit.bmp" />
    <Image Include="explode1.bmp" />
    <Image Include="explode2.bmp" />
    <Image Include="explode3.bmp" />
    <Image Include="explode4.bmp" />
    <Image Include="explode5.bmp" />
    <Image Include="explodes.bmp" />
    <Image Include="flag.bmp" />
    <Image Include="hiddenStage.bmp" />
    <Image Include="hpPotion.bmp" />
    <Image Include="item1.bmp" />
    <Image Include="item2.bmp" />
    <Image Include="item3.bmp" />
    <Image Include="item_AncientVirus.bmp" />
    <Image Include="item_AttackBoost.bmp" />
    <Image Include="item_AttackSpeedBoost.bmp" />
    <Image Include="item_BatFang.bmp" />
    <Image Include="item_BeggarDoll.bmp" />
    <Image Include="item_BloodBag.bmp" />
    <Image Include="item_CaveSnake.bmp" />
    <Image Include="item_CursedTotem.bmp" />
    <Image Include="item_Dice.bmp" />
    <Image Include="item_Disasemmbler.bmp" />
    <Image Include="item_EnergyBar.bmp" />
    <Image Include="item_FreshBrewedCoffee.bmp" />
    <Image Include="item_LuckStone.bmp" />
    <Image Include="item_LuckyCharm.bmp" />
    <Image Include="item_MetalDetector.bmp" />
    <Image Include="item_MoleClaw.bmp" />
    <Image Include="item_MovementSpeedBoost.bmp" />
    <Image Include="item_Orichalcum.bmp" />
    <Image Include="item_PortableOxygenCan.bmp" />
    <Image Include="item_PrisonerShackles.bmp" />
    <Image Include="item_SupplyOxygenTank.bmp" />
    <Image Include="item_ThornCrown.bmp" />
    <Image Include="item_TwoHearts.bmp" />
    <Image Include="item_UndergroundTicket.bmp" />
    <Image Include="lava.bmp" />
    <Image Include="Lava2.bmp" />
    <Image Include="lava_block.bmp" />
    <Image Include="lShop_Balloon.bmp" />
    <Image Include="lShop_miner.bmp" />
    <Image Include="lShop_minerSelected.bmp" />
    <Image Include="MoleDigging.bmp" />
    <Image Include="movableHiddenArea.bmp" />
    <Image Include="nomalStage.bmp" />
    <Image Include="clearedStage.bmp" />
    <Image Include="brokenStoneBlock.bmp" />
    <Image Include="ozPotion.bmp" />
    <Image Include="PCBullet_down.bmp" />
    <Image Include="PCBullet_left.bmp" />
    <Image Include="PCBullet_right.bmp" />
    <Image Include="PCBullet_up.bmp" />
    <Image Include="PC_down.bmp" />
    <Image Include="PC_down_getHP.bmp" />
    <Image Include="PC_down_getOxygen.bmp" />
    <Image Include="PC_down_hit.bmp" />
    <Image Include="PC_left.bmp" />
    <Image Include="PC_left_getHP.bmp" />
    <Image Include="PC_left_getOxygen.bmp" />
    <Image Include="PC_left_hit.bmp" />
    <Image Include="PC_right.bmp" />
    <Image Include="PC_right_getHP.bmp" />
    <Image Include="PC_right_getOxygen.bmp" />
    <Image Include="PC_right_hit.bmp" />
    <Image Include="PC_up.bmp" />
    <Image Include="PC_up_getHP.bmp" />
    <Image Include="PC_up_getOxygen.bmp" />
    <Image Include="PC_up_hit.bmp" />
    <Image Include="questionMark.bmp" />
    <Image Include="rShop_Balloon.bmp" />
    <Image Include="rShop_miner.bmp" />
    <Image Include="rShop_minerSelected.bmp" />
    <Image Include="rShop_spearkBalloon.bmp" />
    <Image Include="safety_arrow.bmp" />
    <Image Include="safety_arrowSelected.bmp" />
    <Image Include="safety_bg.bmp" />
    <Image Include="Shop_ItemBox.bmp" />
    <Image Include="Shop_ItemBox_disable.bmp" />
    <Image Include="Shop_ItemBox_selected.bmp" />
    <Image Include="Shop_StoneBox.bmp" />
    <Image Include="stoneBlock.bmp" />
    <Image Include="empty.bmp" />
    <Image Include="emptyTile.bmp" />
    <Image Include="PlayerCharacter.bmp" />
    <Image Include="testImage1.bmp" />
    <Image Include="testImage2.bmp" />
    <Image Include="UI_character_status.bmp" />
    <Image Include="UI_dynamicEnforce.bmp" />
    <Image Include="UI_dynamicEnforceSelected.bmp" />
    <Image Include="UI_normalEnforce.bmp" />
    <Image Include="UI_normalEnforceSelected.bmp" />
    <Image Include="UI_Star0.bmp" />
    <Image Include="UI_Star1.bmp" />
    <Image Include="UI_Star2.bmp" />
    <Image Include="UI_Star3.bmp" />
    <Image Include="UI_Timer.bmp" />
    <Image Include="block_Stage2_SilverOre1.bmp">
      <Filter>image</Filter>
    </Image>
    <Image Include="block_Stage2_SilverOre2.bmp">
      <Filter>image</Filter>
    </Image>
    <Image Include="block_Stage3_Broken.bmp">
      <Filter>image</Filter>
    </Image>
    <Image Include="block_Stage3_Broken_BronzeOre1.bmp">
      <Filter>image</Filter>
    </Image>
    <Image Include="block_Stage3_Broken_BronzeOre2.bmp">
      <Filter>image</Filter>
    </Image>
    <Image Include="block_Stage3_Broken_DiamondOre1.bmp">
      <Filter>image</Filter>
    </Image>
    <Image Include="block_Stage3_Broken_DiamondOre2.bmp">
      <Filter>image</Filter>
    </Image>
    <Image Include="block_Stage3_Broken_GoldOre1.bmp">
      <Filter>image</Filter>
    </Image>
    <Image Include="block_Stage3_Broken_GoldOre2.bmp">
      <Filter>image</Filter>
    </Image>
    <Image Include="block_Stage3_Broken_OrichalcumOre1.bmp">
      <Filter>image</Filter>
    </Image>
    <Image Include="block_Stage3_Broken_OrichalcumOre2.bmp">
      <Filter>image</Filter>
    </Image>
    <Image Include="block_Stage3_Broken_SilverOre1.bmp">
      <Filter>image</Filter>
    </Image>
    <Image Include="block_Stage3_Broken_SilverOre2.bmp">
      <Filter>image</Filter>
    </Image>
    <Image Include="block_Stage3_BronzeOre1.bmp">
      <Filter>image</Filter>
    </Image>
    <Image Include="block_Stage3_BronzeOre2.bmp">
      <Filter>image</Filter>
    </Image>
    <Image Include="block_Stage3_DiamondOre1.bmp">
      <Filter>image</Filter>
    </Image>
    <Image Include="block_Stage3_DiamondOre2.bmp">
      <Filter>image</Filter>
    </Image>
    <Image Include="block_Stage3_GoldOre1.bmp">
      <Filter>image</Filter>
    </Image>
    <Image Include="block_Stage3_GoldOre2.bmp">
      <Filter>image</Filter>
    </Image>
    <Image Include="block_Stage3_Normal.bmp">
      <Filter>image</Filter>
    </Image>
    <Image Include="block_Stage3_OrichalcumOre1.bmp">
      <Filter>image</Filter>
    </Image>
    <Image Include="block_Stage3_OrichalcumOre2.bmp">
      <Filter>image</Filter>
    </Image>
    <Image Include="block_Stage3_SilverOre1.bmp">
      <Filter>image</Filter>
    </Image>
    <Image Include="block_Stage3_SilverOre2.bmp">
      <Filter>image</Filter>
    </Image>
    <Image Include="block_Stage2_Broken.bmp">
      <Filter>image</Filter>
    </Image>
    <Image Include="block_Stage2_Broken_BronzeOre1.bmp">
      <Filter>image</Filter>
    </Image>
    <Image Include="block_Stage2_Broken_BronzeOre2.bmp">
      <Filter>image</Filter>
    </Image>
    <Image Include="block_Stage2_Broken_DiamondOre1.bmp">
      <Filter>image</Filter>
    </Image>
    <Image Include="block_Stage2_Broken_DiamondOre2.bmp">
      <Filter>image</Filter>
    </Image>
    <Image Include="block_Stage2_Broken_GoldOre1.bmp">
      <Filter>image</Filter>
    </Image>
    <Image Include="block_Stage2_Broken_GoldOre2.bmp">
      <Filter>image</Filter>
    </Image>
    <Image Include="block_Stage2_Broken_OrichalcumOre1.bmp">
      <Filter>image</Filter>
    </Image>
    <Image Include="block_Stage2_Broken_OrichalcumOre2.bmp">
      <Filter>image</Filter>
    </Image>
    <Image Include="block_Stage2_Broken_SilverOre1.bmp">
      <Filter>image</Filter>
    </Image>
    <Image Include="block_Stage2_Broken_SilverOre2.bmp">
      <Filter>image</Filter>
    </Image>
    <Image Include="block_Stage2_BronzeOre1.bmp">
      <Filter>image</Filter>
    </Image>
    <Image Include="block_Stage2_BronzeOre2.bmp">
      <Filter>image</Filter>
    </Image>
    <Image Include="block_Stage2_DiamondOre1.bmp">
      <Filter>image</Filter>
    </Image>
    <Image Include="block_Stage2_DiamondOre2.bmp">
      <Filter>image</Filter>
    </Image>
    <Image Include="block_Stage2_GoldOre1.bmp">
      <Filter>image</Filter>
    </Image>
    <Image Include="block_Stage2_GoldOre2.bmp">
      <Filter>image</Filter>
    </Image>
    <Image Include="block_Stage2_Normal.bmp">
      <Filter>image</Filter>
    </Image>
    <Image Include="block_Stage2_OrichalcumOre1.bmp">
      <Filter>image</Filter>
    </Image>
    <Image Include="block_Stage2_OrichalcumOre2.bmp">
      <Filter>image</Filter>
    </Image>
  </ItemGroup>
  <ItemGroup>
    <Filter Include="image">
      <UniqueIdentifier>{40f75410-b8dd-48d3-90df-c5197fba8339}</UniqueIdentifier>
    </Filter>
  </ItemGroup>
</Project>